
Microsoft Visual Studio Solution File, Format Version 12.00
# Visual Studio Version 16
VisualStudioVersion = 16.0.30406.217
MinimumVisualStudioVersion = 10.0.40219.1
Project("{FAE04EC0-301F-11D3-BF4B-00C04F79EFBC}") = "TimeApp", "TimeApp\TimeApp.csproj", "{DE146BCF-E5ED-43FE-89AE-08124AA91482}"
EndProject
Global
	GlobalSection(SolutionConfigurationPlatforms) = preSolution
		Debug|Any CPU = Debug|Any CPU
		Release|Any CPU = Release|Any CPU
	EndGlobalSection
	GlobalSection(ProjectConfigurationPlatforms) = postSolution
		{DE146BCF-E5ED-43FE-89AE-08124AA91482}.Debug|Any CPU.ActiveCfg = Debug|Any CPU
		{DE146BCF-E5ED-43FE-89AE-08124AA91482}.Debug|Any CPU.Build.0 = Debug|Any CPU
		{DE146BCF-E5ED-43FE-89AE-08124AA91482}.Release|Any CPU.ActiveCfg = Release|Any CPU
		{DE146BCF-E5ED-43FE-89AE-08124AA91482}.Release|Any CPU.Build.0 = Release|Any CPU
	EndGlobalSection
	GlobalSection(SolutionProperties) = preSolution
		HideSolutionNode = FALSE
	EndGlobalSection
	GlobalSection(ExtensibilityGlobals) = postSolution
		SolutionGuid = {164655D4-99FD-4E6E-8812-07599558E98D}
	EndGlobalSection
EndGlobal
